
Microsoft Visual Studio Solution File, Format Version 12.00
# Visual Studio Version 16
VisualStudioVersion = 16.0.29519.181
MinimumVisualStudioVersion = 10.0.40219.1
Project("{8BC9CEB8-8B4A-11D0-8D11-00A0C91BC942}") = "4.04", "4.04\4.04.vcxproj", "{6EFC74A7-4BE5-4875-80A4-25544B6B5245}"
EndProject
Global
	GlobalSection(SolutionConfigurationPlatforms) = preSolution
		Debug|x64 = Debug|x64
		Debug|x86 = Debug|x86
		Release|x64 = Release|x64
		Release|x86 = Release|x86
	EndGlobalSection
	GlobalSection(ProjectConfigurationPlatforms) = postSolution
		{6EFC74A7-4BE5-4875-80A4-25544B6B5245}.Debug|x64.ActiveCfg = Debug|x64
		{6EFC74A7-4BE5-4875-80A4-25544B6B5245}.Debug|x64.Build.0 = Debug|x64
		{6EFC74A7-4BE5-4875-80A4-25544B6B5245}.Debug|x86.ActiveCfg = Debug|Win32
		{6EFC74A7-4BE5-4875-80A4-25544B6B5245}.Debug|x86.Build.0 = Debug|Win32
		{6EFC74A7-4BE5-4875-80A4-25544B6B5245}.Release|x64.ActiveCfg = Release|x64
		{6EFC74A7-4BE5-4875-80A4-25544B6B5245}.Release|x64.Build.0 = Release|x64
		{6EFC74A7-4BE5-4875-80A4-25544B6B5245}.Release|x86.ActiveCfg = Release|Win32
		{6EFC74A7-4BE5-4875-80A4-25544B6B5245}.Release|x86.Build.0 = Release|Win32
	EndGlobalSection
	GlobalSection(SolutionProperties) = preSolution
		HideSolutionNode = FALSE
	EndGlobalSection
	GlobalSection(ExtensibilityGlobals) = postSolution
		SolutionGuid = {AF48B962-1716-4CC2-877E-73321F78392A}
	EndGlobalSection
EndGlobal
